
Microsoft Visual Studio Solution File, Format Version 12.00
# Visual Studio Version 17
VisualStudioVersion = 17.10.35122.118
MinimumVisualStudioVersion = 10.0.40219.1
Project("{FAE04EC0-301F-11D3-BF4B-00C04F79EFBC}") = "RobinExerc", "RobinExerc\RobinExerc.csproj", "{45A37149-CD39-4353-B4B3-8BF5DD13C9EA}"
EndProject
Global
	GlobalSection(SolutionConfigurationPlatforms) = preSolution
		Debug|Any CPU = Debug|Any CPU
		Release|Any CPU = Release|Any CPU
	EndGlobalSection
	GlobalSection(ProjectConfigurationPlatforms) = postSolution
		{45A37149-CD39-4353-B4B3-8BF5DD13C9EA}.Debug|Any CPU.ActiveCfg = Debug|Any CPU
		{45A37149-CD39-4353-B4B3-8BF5DD13C9EA}.Debug|Any CPU.Build.0 = Debug|Any CPU
		{45A37149-CD39-4353-B4B3-8BF5DD13C9EA}.Release|Any CPU.ActiveCfg = Release|Any CPU
		{45A37149-CD39-4353-B4B3-8BF5DD13C9EA}.Release|Any CPU.Build.0 = Release|Any CPU
	EndGlobalSection
	GlobalSection(SolutionProperties) = preSolution
		HideSolutionNode = FALSE
	EndGlobalSection
	GlobalSection(ExtensibilityGlobals) = postSolution
		SolutionGuid = {BC91CB5C-B492-46E7-96BF-F0BEFC1C1B2D}
	EndGlobalSection
EndGlobal
